
Microsoft Visual Studio Solution File, Format Version 12.00
# Visual Studio Version 17
VisualStudioVersion = 17.6.33829.357
MinimumVisualStudioVersion = 10.0.40219.1
Project("{FAE04EC0-301F-11D3-BF4B-00C04F79EFBC}") = "WebAPIK8s", "WebAPIK8s\WebAPIK8s.csproj", "{6875EA5E-A259-412D-9F4E-5590A71BDE0D}"
EndProject
Global
	GlobalSection(SolutionConfigurationPlatforms) = preSolution
		Debug|Any CPU = Debug|Any CPU
		Release|Any CPU = Release|Any CPU
	EndGlobalSection
	GlobalSection(ProjectConfigurationPlatforms) = postSolution
		{6875EA5E-A259-412D-9F4E-5590A71BDE0D}.Debug|Any CPU.ActiveCfg = Debug|Any CPU
		{6875EA5E-A259-412D-9F4E-5590A71BDE0D}.Debug|Any CPU.Build.0 = Debug|Any CPU
		{6875EA5E-A259-412D-9F4E-5590A71BDE0D}.Release|Any CPU.ActiveCfg = Release|Any CPU
		{6875EA5E-A259-412D-9F4E-5590A71BDE0D}.Release|Any CPU.Build.0 = Release|Any CPU
	EndGlobalSection
	GlobalSection(SolutionProperties) = preSolution
		HideSolutionNode = FALSE
	EndGlobalSection
	GlobalSection(ExtensibilityGlobals) = postSolution
		SolutionGuid = {63FBB673-B8E3-4347-972C-293E6DD94696}
	EndGlobalSection
EndGlobal
